
Microsoft Visual Studio Solution File, Format Version 12.00
# Visual Studio Version 17
VisualStudioVersion = 17.2.32616.157
MinimumVisualStudioVersion = 10.0.40219.1
Project("{F184B08F-C81C-45F6-A57F-5ABD9991F28F}") = "BankAccountApplication", "BankAccountApplication.vbproj", "{4E2FD2E1-E65F-4F79-BDE4-CF8F898AC592}"
EndProject
Global
	GlobalSection(SolutionConfigurationPlatforms) = preSolution
		Debug|Any CPU = Debug|Any CPU
		Release|Any CPU = Release|Any CPU
	EndGlobalSection
	GlobalSection(ProjectConfigurationPlatforms) = postSolution
		{4E2FD2E1-E65F-4F79-BDE4-CF8F898AC592}.Debug|Any CPU.ActiveCfg = Debug|Any CPU
		{4E2FD2E1-E65F-4F79-BDE4-CF8F898AC592}.Debug|Any CPU.Build.0 = Debug|Any CPU
		{4E2FD2E1-E65F-4F79-BDE4-CF8F898AC592}.Release|Any CPU.ActiveCfg = Release|Any CPU
		{4E2FD2E1-E65F-4F79-BDE4-CF8F898AC592}.Release|Any CPU.Build.0 = Release|Any CPU
	EndGlobalSection
	GlobalSection(SolutionProperties) = preSolution
		HideSolutionNode = FALSE
	EndGlobalSection
	GlobalSection(ExtensibilityGlobals) = postSolution
		SolutionGuid = {4913362B-B900-4C16-BB23-A1AFCD02D133}
	EndGlobalSection
EndGlobal
