
Microsoft Visual Studio Solution File, Format Version 12.00
# Visual Studio Version 17
VisualStudioVersion = 17.2.32616.157
MinimumVisualStudioVersion = 10.0.40219.1
Project("{F184B08F-C81C-45F6-A57F-5ABD9991F28F}") = "ArraysFunctions0", "ArraysFunctions0.vbproj", "{E9154307-2AEE-4E25-AEFB-24857C069E0C}"
EndProject
Global
	GlobalSection(SolutionConfigurationPlatforms) = preSolution
		Debug|Any CPU = Debug|Any CPU
		Release|Any CPU = Release|Any CPU
	EndGlobalSection
	GlobalSection(ProjectConfigurationPlatforms) = postSolution
		{E9154307-2AEE-4E25-AEFB-24857C069E0C}.Debug|Any CPU.ActiveCfg = Debug|Any CPU
		{E9154307-2AEE-4E25-AEFB-24857C069E0C}.Debug|Any CPU.Build.0 = Debug|Any CPU
		{E9154307-2AEE-4E25-AEFB-24857C069E0C}.Release|Any CPU.ActiveCfg = Release|Any CPU
		{E9154307-2AEE-4E25-AEFB-24857C069E0C}.Release|Any CPU.Build.0 = Release|Any CPU
	EndGlobalSection
	GlobalSection(SolutionProperties) = preSolution
		HideSolutionNode = FALSE
	EndGlobalSection
	GlobalSection(ExtensibilityGlobals) = postSolution
		SolutionGuid = {9E2A3A2C-43DA-4F49-92B4-9D4E75B30ED2}
	EndGlobalSection
EndGlobal
