
Microsoft Visual Studio Solution File, Format Version 12.00
# Visual Studio Version 17
VisualStudioVersion = 17.2.32616.157
MinimumVisualStudioVersion = 10.0.40219.1
Project("{F184B08F-C81C-45F6-A57F-5ABD9991F28F}") = "PersonalPracs", "PersonalPracs.vbproj", "{43C256D0-B574-41B9-B744-39918F1142DB}"
EndProject
Global
	GlobalSection(SolutionConfigurationPlatforms) = preSolution
		Debug|Any CPU = Debug|Any CPU
		Release|Any CPU = Release|Any CPU
	EndGlobalSection
	GlobalSection(ProjectConfigurationPlatforms) = postSolution
		{43C256D0-B574-41B9-B744-39918F1142DB}.Debug|Any CPU.ActiveCfg = Debug|Any CPU
		{43C256D0-B574-41B9-B744-39918F1142DB}.Debug|Any CPU.Build.0 = Debug|Any CPU
		{43C256D0-B574-41B9-B744-39918F1142DB}.Release|Any CPU.ActiveCfg = Release|Any CPU
		{43C256D0-B574-41B9-B744-39918F1142DB}.Release|Any CPU.Build.0 = Release|Any CPU
	EndGlobalSection
	GlobalSection(SolutionProperties) = preSolution
		HideSolutionNode = FALSE
	EndGlobalSection
	GlobalSection(ExtensibilityGlobals) = postSolution
		SolutionGuid = {A6480EB2-834A-492B-B4BA-7C0E64AE1937}
	EndGlobalSection
EndGlobal
