
Microsoft Visual Studio Solution File, Format Version 12.00
# Visual Studio Version 17
VisualStudioVersion = 17.2.32616.157
MinimumVisualStudioVersion = 10.0.40219.1
Project("{F184B08F-C81C-45F6-A57F-5ABD9991F28F}") = "ArraysFunctions", "ArraysFunctions.vbproj", "{48842D0A-5319-483D-A4B1-CCF649D06357}"
EndProject
Global
	GlobalSection(SolutionConfigurationPlatforms) = preSolution
		Debug|Any CPU = Debug|Any CPU
		Release|Any CPU = Release|Any CPU
	EndGlobalSection
	GlobalSection(ProjectConfigurationPlatforms) = postSolution
		{48842D0A-5319-483D-A4B1-CCF649D06357}.Debug|Any CPU.ActiveCfg = Debug|Any CPU
		{48842D0A-5319-483D-A4B1-CCF649D06357}.Debug|Any CPU.Build.0 = Debug|Any CPU
		{48842D0A-5319-483D-A4B1-CCF649D06357}.Release|Any CPU.ActiveCfg = Release|Any CPU
		{48842D0A-5319-483D-A4B1-CCF649D06357}.Release|Any CPU.Build.0 = Release|Any CPU
	EndGlobalSection
	GlobalSection(SolutionProperties) = preSolution
		HideSolutionNode = FALSE
	EndGlobalSection
	GlobalSection(ExtensibilityGlobals) = postSolution
		SolutionGuid = {4EB18C96-186B-432A-A631-1B0C33CDA978}
	EndGlobalSection
EndGlobal
