
Microsoft Visual Studio Solution File, Format Version 12.00
# Visual Studio Version 17
VisualStudioVersion = 17.2.32616.157
MinimumVisualStudioVersion = 10.0.40219.1
Project("{F184B08F-C81C-45F6-A57F-5ABD9991F28F}") = "CodingWithSyl", "CodingWithSyl.vbproj", "{9A16483F-228E-4AD5-9EFD-2FFB59BC0955}"
EndProject
Global
	GlobalSection(SolutionConfigurationPlatforms) = preSolution
		Debug|Any CPU = Debug|Any CPU
		Release|Any CPU = Release|Any CPU
	EndGlobalSection
	GlobalSection(ProjectConfigurationPlatforms) = postSolution
		{9A16483F-228E-4AD5-9EFD-2FFB59BC0955}.Debug|Any CPU.ActiveCfg = Debug|Any CPU
		{9A16483F-228E-4AD5-9EFD-2FFB59BC0955}.Debug|Any CPU.Build.0 = Debug|Any CPU
		{9A16483F-228E-4AD5-9EFD-2FFB59BC0955}.Release|Any CPU.ActiveCfg = Release|Any CPU
		{9A16483F-228E-4AD5-9EFD-2FFB59BC0955}.Release|Any CPU.Build.0 = Release|Any CPU
	EndGlobalSection
	GlobalSection(SolutionProperties) = preSolution
		HideSolutionNode = FALSE
	EndGlobalSection
	GlobalSection(ExtensibilityGlobals) = postSolution
		SolutionGuid = {AEFC0DB9-28D5-4708-8EBC-7441477E18BE}
	EndGlobalSection
EndGlobal
