
Microsoft Visual Studio Solution File, Format Version 12.00
# Visual Studio Version 17
VisualStudioVersion = 17.2.32616.157
MinimumVisualStudioVersion = 10.0.40219.1
Project("{F184B08F-C81C-45F6-A57F-5ABD9991F28F}") = "CeasarCipherProgram", "CeasarCipherProgram.vbproj", "{BA977464-AAC6-47F9-B712-12EC55C8B81F}"
EndProject
Global
	GlobalSection(SolutionConfigurationPlatforms) = preSolution
		Debug|Any CPU = Debug|Any CPU
		Release|Any CPU = Release|Any CPU
	EndGlobalSection
	GlobalSection(ProjectConfigurationPlatforms) = postSolution
		{BA977464-AAC6-47F9-B712-12EC55C8B81F}.Debug|Any CPU.ActiveCfg = Debug|Any CPU
		{BA977464-AAC6-47F9-B712-12EC55C8B81F}.Debug|Any CPU.Build.0 = Debug|Any CPU
		{BA977464-AAC6-47F9-B712-12EC55C8B81F}.Release|Any CPU.ActiveCfg = Release|Any CPU
		{BA977464-AAC6-47F9-B712-12EC55C8B81F}.Release|Any CPU.Build.0 = Release|Any CPU
	EndGlobalSection
	GlobalSection(SolutionProperties) = preSolution
		HideSolutionNode = FALSE
	EndGlobalSection
	GlobalSection(ExtensibilityGlobals) = postSolution
		SolutionGuid = {8DEBFD94-8812-4F17-83E7-D611F22A0947}
	EndGlobalSection
EndGlobal
